
Microsoft Visual Studio Solution File, Format Version 12.00
# Visual Studio 15
VisualStudioVersion = 15.0.28307.779
MinimumVisualStudioVersion = 10.0.40219.1
Project("{FAE04EC0-301F-11D3-BF4B-00C04F79EFBC}") = "SQLDBsVergleich", "SQLDBsVergleich\SQLDBsVergleich.csproj", "{B0B9691D-415C-4B8E-85FF-EEFB0541FB1B}"
EndProject
Global
	GlobalSection(SolutionConfigurationPlatforms) = preSolution
		Debug|Any CPU = Debug|Any CPU
		Release|Any CPU = Release|Any CPU
	EndGlobalSection
	GlobalSection(ProjectConfigurationPlatforms) = postSolution
		{B0B9691D-415C-4B8E-85FF-EEFB0541FB1B}.Debug|Any CPU.ActiveCfg = Debug|Any CPU
		{B0B9691D-415C-4B8E-85FF-EEFB0541FB1B}.Debug|Any CPU.Build.0 = Debug|Any CPU
		{B0B9691D-415C-4B8E-85FF-EEFB0541FB1B}.Release|Any CPU.ActiveCfg = Release|Any CPU
		{B0B9691D-415C-4B8E-85FF-EEFB0541FB1B}.Release|Any CPU.Build.0 = Release|Any CPU
	EndGlobalSection
	GlobalSection(SolutionProperties) = preSolution
		HideSolutionNode = FALSE
	EndGlobalSection
	GlobalSection(ExtensibilityGlobals) = postSolution
		SolutionGuid = {6A9BD045-A4CB-4BF5-91FC-77E2AA7B193C}
	EndGlobalSection
EndGlobal
